
Microsoft Visual Studio Solution File, Format Version 12.00
# Visual Studio Version 16
VisualStudioVersion = 16.0.31402.337
MinimumVisualStudioVersion = 10.0.40219.1
Project("{888888A0-9F3D-457C-B088-3A5042F75D52}") = "tictactoe", "tictactoe\tictactoe.pyproj", "{161AF7BF-E992-4870-95F8-2C5AC7DDB98C}"
EndProject
Global
	GlobalSection(SolutionConfigurationPlatforms) = preSolution
		Debug|Any CPU = Debug|Any CPU
		Release|Any CPU = Release|Any CPU
	EndGlobalSection
	GlobalSection(ProjectConfigurationPlatforms) = postSolution
		{161AF7BF-E992-4870-95F8-2C5AC7DDB98C}.Debug|Any CPU.ActiveCfg = Debug|Any CPU
		{161AF7BF-E992-4870-95F8-2C5AC7DDB98C}.Release|Any CPU.ActiveCfg = Release|Any CPU
	EndGlobalSection
	GlobalSection(SolutionProperties) = preSolution
		HideSolutionNode = FALSE
	EndGlobalSection
	GlobalSection(ExtensibilityGlobals) = postSolution
		SolutionGuid = {884A5DDA-ED28-4301-AA71-A937C36E59A8}
	EndGlobalSection
EndGlobal
